
Microsoft Visual Studio Solution File, Format Version 12.00
# Visual Studio Version 17
VisualStudioVersion = 17.5.33530.505
MinimumVisualStudioVersion = 10.0.40219.1
Project("{FAE04EC0-301F-11D3-BF4B-00C04F79EFBC}") = "MasterDetails_Repo", "MasterDetails_Repo\MasterDetails_Repo.csproj", "{124EDCCB-3E87-4889-9281-2A7F2725A22A}"
EndProject
Global
	GlobalSection(SolutionConfigurationPlatforms) = preSolution
		Debug|Any CPU = Debug|Any CPU
		Release|Any CPU = Release|Any CPU
	EndGlobalSection
	GlobalSection(ProjectConfigurationPlatforms) = postSolution
		{124EDCCB-3E87-4889-9281-2A7F2725A22A}.Debug|Any CPU.ActiveCfg = Debug|Any CPU
		{124EDCCB-3E87-4889-9281-2A7F2725A22A}.Debug|Any CPU.Build.0 = Debug|Any CPU
		{124EDCCB-3E87-4889-9281-2A7F2725A22A}.Release|Any CPU.ActiveCfg = Release|Any CPU
		{124EDCCB-3E87-4889-9281-2A7F2725A22A}.Release|Any CPU.Build.0 = Release|Any CPU
	EndGlobalSection
	GlobalSection(SolutionProperties) = preSolution
		HideSolutionNode = FALSE
	EndGlobalSection
	GlobalSection(ExtensibilityGlobals) = postSolution
		SolutionGuid = {147D6F62-F196-4A40-BE50-875D4F243E8B}
	EndGlobalSection
EndGlobal
